
Microsoft Visual Studio Solution File, Format Version 12.00
# Visual Studio Version 16
VisualStudioVersion = 16.0.30907.101
MinimumVisualStudioVersion = 10.0.40219.1
Project("{FAE04EC0-301F-11D3-BF4B-00C04F79EFBC}") = "CreateRadioQTamaSubtitles", "CreateRadioQTamaSubtitles\CreateRadioQTamaSubtitles.csproj", "{F56CD1D5-82B4-4B32-A5CB-0AE78C9DA798}"
EndProject
Global
	GlobalSection(SolutionConfigurationPlatforms) = preSolution
		Debug|Any CPU = Debug|Any CPU
		Release|Any CPU = Release|Any CPU
	EndGlobalSection
	GlobalSection(ProjectConfigurationPlatforms) = postSolution
		{F56CD1D5-82B4-4B32-A5CB-0AE78C9DA798}.Debug|Any CPU.ActiveCfg = Debug|Any CPU
		{F56CD1D5-82B4-4B32-A5CB-0AE78C9DA798}.Debug|Any CPU.Build.0 = Debug|Any CPU
		{F56CD1D5-82B4-4B32-A5CB-0AE78C9DA798}.Release|Any CPU.ActiveCfg = Release|Any CPU
		{F56CD1D5-82B4-4B32-A5CB-0AE78C9DA798}.Release|Any CPU.Build.0 = Release|Any CPU
	EndGlobalSection
	GlobalSection(SolutionProperties) = preSolution
		HideSolutionNode = FALSE
	EndGlobalSection
	GlobalSection(ExtensibilityGlobals) = postSolution
		SolutionGuid = {50BE946C-4C76-40C1-9A0B-669874D9A2C1}
	EndGlobalSection
EndGlobal
